
Microsoft Visual Studio Solution File, Format Version 12.00
# Visual Studio Version 16
VisualStudioVersion = 16.0.32002.261
MinimumVisualStudioVersion = 10.0.40219.1
Project("{FAE04EC0-301F-11D3-BF4B-00C04F79EFBC}") = "TipODFreq", "TipODFreq\TipODFreq.csproj", "{225032BA-93F6-40FC-97C2-3CE82931BF7F}"
EndProject
Project("{FAE04EC0-301F-11D3-BF4B-00C04F79EFBC}") = "TipOdFreqAdmin", "TipOdFreqAdmin\TipOdFreqAdmin.csproj", "{0CDF4AB1-D939-4620-B1B1-9CD511882E43}"
EndProject
Global
	GlobalSection(SolutionConfigurationPlatforms) = preSolution
		Debug|Any CPU = Debug|Any CPU
		Release|Any CPU = Release|Any CPU
	EndGlobalSection
	GlobalSection(ProjectConfigurationPlatforms) = postSolution
		{225032BA-93F6-40FC-97C2-3CE82931BF7F}.Debug|Any CPU.ActiveCfg = Debug|Any CPU
		{225032BA-93F6-40FC-97C2-3CE82931BF7F}.Debug|Any CPU.Build.0 = Debug|Any CPU
		{225032BA-93F6-40FC-97C2-3CE82931BF7F}.Release|Any CPU.ActiveCfg = Release|Any CPU
		{225032BA-93F6-40FC-97C2-3CE82931BF7F}.Release|Any CPU.Build.0 = Release|Any CPU
		{0CDF4AB1-D939-4620-B1B1-9CD511882E43}.Debug|Any CPU.ActiveCfg = Debug|Any CPU
		{0CDF4AB1-D939-4620-B1B1-9CD511882E43}.Debug|Any CPU.Build.0 = Debug|Any CPU
		{0CDF4AB1-D939-4620-B1B1-9CD511882E43}.Release|Any CPU.ActiveCfg = Release|Any CPU
		{0CDF4AB1-D939-4620-B1B1-9CD511882E43}.Release|Any CPU.Build.0 = Release|Any CPU
	EndGlobalSection
	GlobalSection(SolutionProperties) = preSolution
		HideSolutionNode = FALSE
	EndGlobalSection
	GlobalSection(ExtensibilityGlobals) = postSolution
		SolutionGuid = {2F628F44-AF67-4CF3-90EE-D09FA101B891}
	EndGlobalSection
EndGlobal
